
Microsoft Visual Studio Solution File, Format Version 12.00
# Visual Studio Version 16
VisualStudioVersion = 16.0.29728.190
MinimumVisualStudioVersion = 10.0.40219.1
Project("{FAE04EC0-301F-11D3-BF4B-00C04F79EFBC}") = "Assignment169", "Assignment169.csproj", "{5BC7F4B1-8A74-4B8C-88A2-BFE7A103EFBE}"
EndProject
Global
	GlobalSection(SolutionConfigurationPlatforms) = preSolution
		Debug|Any CPU = Debug|Any CPU
		Release|Any CPU = Release|Any CPU
	EndGlobalSection
	GlobalSection(ProjectConfigurationPlatforms) = postSolution
		{5BC7F4B1-8A74-4B8C-88A2-BFE7A103EFBE}.Debug|Any CPU.ActiveCfg = Debug|Any CPU
		{5BC7F4B1-8A74-4B8C-88A2-BFE7A103EFBE}.Debug|Any CPU.Build.0 = Debug|Any CPU
		{5BC7F4B1-8A74-4B8C-88A2-BFE7A103EFBE}.Release|Any CPU.ActiveCfg = Release|Any CPU
		{5BC7F4B1-8A74-4B8C-88A2-BFE7A103EFBE}.Release|Any CPU.Build.0 = Release|Any CPU
	EndGlobalSection
	GlobalSection(SolutionProperties) = preSolution
		HideSolutionNode = FALSE
	EndGlobalSection
	GlobalSection(ExtensibilityGlobals) = postSolution
		SolutionGuid = {FCFC45F1-C95F-49AD-A687-E3A7EAA0B27A}
	EndGlobalSection
EndGlobal
