
Microsoft Visual Studio Solution File, Format Version 12.00
# Visual Studio Version 16
VisualStudioVersion = 16.0.29728.190
MinimumVisualStudioVersion = 10.0.40219.1
Project("{FAE04EC0-301F-11D3-BF4B-00C04F79EFBC}") = "HelloWorld", "HelloWorld.csproj", "{29BDE494-6753-400B-91CA-1A50CDC9E6D2}"
EndProject
Global
	GlobalSection(SolutionConfigurationPlatforms) = preSolution
		Debug|Any CPU = Debug|Any CPU
		Release|Any CPU = Release|Any CPU
	EndGlobalSection
	GlobalSection(ProjectConfigurationPlatforms) = postSolution
		{29BDE494-6753-400B-91CA-1A50CDC9E6D2}.Debug|Any CPU.ActiveCfg = Debug|Any CPU
		{29BDE494-6753-400B-91CA-1A50CDC9E6D2}.Debug|Any CPU.Build.0 = Debug|Any CPU
		{29BDE494-6753-400B-91CA-1A50CDC9E6D2}.Release|Any CPU.ActiveCfg = Release|Any CPU
		{29BDE494-6753-400B-91CA-1A50CDC9E6D2}.Release|Any CPU.Build.0 = Release|Any CPU
	EndGlobalSection
	GlobalSection(SolutionProperties) = preSolution
		HideSolutionNode = FALSE
	EndGlobalSection
	GlobalSection(ExtensibilityGlobals) = postSolution
		SolutionGuid = {898F3EDF-CD30-462F-9212-ABCDC53D8AC2}
	EndGlobalSection
EndGlobal
