
Microsoft Visual Studio Solution File, Format Version 12.00
# Visual Studio Version 16
VisualStudioVersion = 16.0.29728.190
MinimumVisualStudioVersion = 10.0.40219.1
Project("{FAE04EC0-301F-11D3-BF4B-00C04F79EFBC}") = "IterateLoopAssignment", "IterateLoopAssignment.csproj", "{AF3189B7-93B5-4D2A-9E33-D5C3540352C1}"
EndProject
Global
	GlobalSection(SolutionConfigurationPlatforms) = preSolution
		Debug|Any CPU = Debug|Any CPU
		Release|Any CPU = Release|Any CPU
	EndGlobalSection
	GlobalSection(ProjectConfigurationPlatforms) = postSolution
		{AF3189B7-93B5-4D2A-9E33-D5C3540352C1}.Debug|Any CPU.ActiveCfg = Debug|Any CPU
		{AF3189B7-93B5-4D2A-9E33-D5C3540352C1}.Debug|Any CPU.Build.0 = Debug|Any CPU
		{AF3189B7-93B5-4D2A-9E33-D5C3540352C1}.Release|Any CPU.ActiveCfg = Release|Any CPU
		{AF3189B7-93B5-4D2A-9E33-D5C3540352C1}.Release|Any CPU.Build.0 = Release|Any CPU
	EndGlobalSection
	GlobalSection(SolutionProperties) = preSolution
		HideSolutionNode = FALSE
	EndGlobalSection
	GlobalSection(ExtensibilityGlobals) = postSolution
		SolutionGuid = {F74AE1C6-B648-4CA8-831E-E0C4DFA9D331}
	EndGlobalSection
EndGlobal
