
Microsoft Visual Studio Solution File, Format Version 12.00
# Visual Studio Version 16
VisualStudioVersion = 16.0.29728.190
MinimumVisualStudioVersion = 10.0.40219.1
Project("{FAE04EC0-301F-11D3-BF4B-00C04F79EFBC}") = "LogFile210", "LogFile210.csproj", "{211B8DE7-3438-43C7-8B71-39EDDBB5F9EC}"
EndProject
Global
	GlobalSection(SolutionConfigurationPlatforms) = preSolution
		Debug|Any CPU = Debug|Any CPU
		Release|Any CPU = Release|Any CPU
	EndGlobalSection
	GlobalSection(ProjectConfigurationPlatforms) = postSolution
		{211B8DE7-3438-43C7-8B71-39EDDBB5F9EC}.Debug|Any CPU.ActiveCfg = Debug|Any CPU
		{211B8DE7-3438-43C7-8B71-39EDDBB5F9EC}.Debug|Any CPU.Build.0 = Debug|Any CPU
		{211B8DE7-3438-43C7-8B71-39EDDBB5F9EC}.Release|Any CPU.ActiveCfg = Release|Any CPU
		{211B8DE7-3438-43C7-8B71-39EDDBB5F9EC}.Release|Any CPU.Build.0 = Release|Any CPU
	EndGlobalSection
	GlobalSection(SolutionProperties) = preSolution
		HideSolutionNode = FALSE
	EndGlobalSection
	GlobalSection(ExtensibilityGlobals) = postSolution
		SolutionGuid = {F13C4A1F-2EA4-4639-B620-46EF995F990C}
	EndGlobalSection
EndGlobal
