
Microsoft Visual Studio Solution File, Format Version 12.00
# Visual Studio Version 16
VisualStudioVersion = 16.0.29728.190
MinimumVisualStudioVersion = 10.0.40219.1
Project("{FAE04EC0-301F-11D3-BF4B-00C04F79EFBC}") = "DateTime213", "DateTime213.csproj", "{0EB133D3-4FE1-45E0-ABE0-B39775325884}"
EndProject
Global
	GlobalSection(SolutionConfigurationPlatforms) = preSolution
		Debug|Any CPU = Debug|Any CPU
		Release|Any CPU = Release|Any CPU
	EndGlobalSection
	GlobalSection(ProjectConfigurationPlatforms) = postSolution
		{0EB133D3-4FE1-45E0-ABE0-B39775325884}.Debug|Any CPU.ActiveCfg = Debug|Any CPU
		{0EB133D3-4FE1-45E0-ABE0-B39775325884}.Debug|Any CPU.Build.0 = Debug|Any CPU
		{0EB133D3-4FE1-45E0-ABE0-B39775325884}.Release|Any CPU.ActiveCfg = Release|Any CPU
		{0EB133D3-4FE1-45E0-ABE0-B39775325884}.Release|Any CPU.Build.0 = Release|Any CPU
	EndGlobalSection
	GlobalSection(SolutionProperties) = preSolution
		HideSolutionNode = FALSE
	EndGlobalSection
	GlobalSection(ExtensibilityGlobals) = postSolution
		SolutionGuid = {123E41B0-F9D8-42CF-9548-C72E120D87CA}
	EndGlobalSection
EndGlobal
