
Microsoft Visual Studio Solution File, Format Version 12.00
# Visual Studio Version 16
VisualStudioVersion = 16.0.29728.190
MinimumVisualStudioVersion = 10.0.40219.1
Project("{FAE04EC0-301F-11D3-BF4B-00C04F79EFBC}") = "ClassAssignment156", "ClassAssignment156.csproj", "{FD5C7691-23C2-4BC1-992B-81983B960CE3}"
EndProject
Global
	GlobalSection(SolutionConfigurationPlatforms) = preSolution
		Debug|Any CPU = Debug|Any CPU
		Release|Any CPU = Release|Any CPU
	EndGlobalSection
	GlobalSection(ProjectConfigurationPlatforms) = postSolution
		{FD5C7691-23C2-4BC1-992B-81983B960CE3}.Debug|Any CPU.ActiveCfg = Debug|Any CPU
		{FD5C7691-23C2-4BC1-992B-81983B960CE3}.Debug|Any CPU.Build.0 = Debug|Any CPU
		{FD5C7691-23C2-4BC1-992B-81983B960CE3}.Release|Any CPU.ActiveCfg = Release|Any CPU
		{FD5C7691-23C2-4BC1-992B-81983B960CE3}.Release|Any CPU.Build.0 = Release|Any CPU
	EndGlobalSection
	GlobalSection(SolutionProperties) = preSolution
		HideSolutionNode = FALSE
	EndGlobalSection
	GlobalSection(ExtensibilityGlobals) = postSolution
		SolutionGuid = {E76C12AD-8DFC-488C-96F8-ED59BE3A4B0F}
	EndGlobalSection
EndGlobal
