
Microsoft Visual Studio Solution File, Format Version 12.00
# Visual Studio Version 16
VisualStudioVersion = 16.0.29728.190
MinimumVisualStudioVersion = 10.0.40219.1
Project("{FAE04EC0-301F-11D3-BF4B-00C04F79EFBC}") = "Assignment 164", "Assignment 164.csproj", "{2442AAA7-C5C7-4AB9-9B65-C471D5794548}"
EndProject
Global
	GlobalSection(SolutionConfigurationPlatforms) = preSolution
		Debug|Any CPU = Debug|Any CPU
		Release|Any CPU = Release|Any CPU
	EndGlobalSection
	GlobalSection(ProjectConfigurationPlatforms) = postSolution
		{2442AAA7-C5C7-4AB9-9B65-C471D5794548}.Debug|Any CPU.ActiveCfg = Debug|Any CPU
		{2442AAA7-C5C7-4AB9-9B65-C471D5794548}.Debug|Any CPU.Build.0 = Debug|Any CPU
		{2442AAA7-C5C7-4AB9-9B65-C471D5794548}.Release|Any CPU.ActiveCfg = Release|Any CPU
		{2442AAA7-C5C7-4AB9-9B65-C471D5794548}.Release|Any CPU.Build.0 = Release|Any CPU
	EndGlobalSection
	GlobalSection(SolutionProperties) = preSolution
		HideSolutionNode = FALSE
	EndGlobalSection
	GlobalSection(ExtensibilityGlobals) = postSolution
		SolutionGuid = {28FA3EEC-0FA6-4902-A49E-9198A3015A94}
	EndGlobalSection
EndGlobal
